{
  "name": "meteor-issue-12421-repro",
  "lockfileVersion": 3,
  "requires": true,
  "packages": {
    "": {
      "name": "meteor-issue-12421-repro",
      "dependencies": {
        "useragent-ng": "2.4.4"
      }
    },
    "node_modules/lru-cache": {
      "version": "7.18.3",
      "resolved": "https://registry.npmjs.org/lru-cache/-/lru-cache-7.18.3.tgz",
      "integrity": "sha512-jumlc0BIUrS3qJGgIkWZsyfAM7NCWiBcCDhnd+3NNM5KbBmLTgHVfWBcg6W+rLUsIpzpERPsvwUP7CckAQSOoA==",
      "license": "ISC",
      "engines": {
        "node": ">=12"
      }
    },
    "node_modules/tmp": {
      "version": "0.2.7",
      "resolved": "https://registry.npmjs.org/tmp/-/tmp-0.2.7.tgz",
      "integrity": "sha512-e0votIpp4Uo2AJYSzVHV6xCcawuiez3DzqDAbrTc3YxBkplN6e+dM13ZeIcZnDg/QpSuU2zfZ3rzwY8ukEnaXw==",
      "license": "MIT",
      "engines": {
        "node": ">=14.14"
      }
    },
    "node_modules/uap-core": {
      "version": "0.16.0",
      "resolved": "https://registry.npmjs.org/uap-core/-/uap-core-0.16.0.tgz",
      "integrity": "sha512-NwObJD5EgDPGWp86fvpyu94UBlYtHUIrk7F2n5J7bf3Cpu8X80qB7n6taM2gFhZGiKmlU/zUQ09Mc/yFgewnLg=="
    },
    "node_modules/useragent-ng": {
      "version": "2.4.4",
      "resolved": "https://registry.npmjs.org/useragent-ng/-/useragent-ng-2.4.4.tgz",
      "integrity": "sha512-+IqolZ28Y38TxQLmkH/Jnq9x3+HbHoR5kHwYJoEOX+edbCGW9lHY5qsIPXJjbjqr5QscZ1eOitsc13SoKkUTaw==",
      "hasInstallScript": true,
      "license": "MIT",
      "dependencies": {
        "lru-cache": "^7.14.0",
        "tmp": "^0.2.1",
        "uap-core": "^0.16.0",
        "yamlparser": "0.0.2"
      }
    },
    "node_modules/yamlparser": {
      "version": "0.0.2",
      "resolved": "https://registry.npmjs.org/yamlparser/-/yamlparser-0.0.2.tgz",
      "integrity": "sha512-Cou9FCGblEENtn1/8La5wkDM/ISMh2bzu5Wh7dYzCzA0o9jD4YGyLkUJxe84oPBGoB92f+Oy4ZjVhA8S0C2wlQ=="
    }
  }
}
